
Microsoft Visual Studio Solution File, Format Version 12.00
# Visual Studio Version 17
VisualStudioVersion = 17.8.34330.188
MinimumVisualStudioVersion = 10.0.40219.1
Project("{FAE04EC0-301F-11D3-BF4B-00C04F79EFBC}") = "Event.Api", "Event.Api\Event.Api.csproj", "{013BAB01-38C6-41C5-BB48-8EE03131E549}"
EndProject
Global
	GlobalSection(SolutionConfigurationPlatforms) = preSolution
		Debug|Any CPU = Debug|Any CPU
		Release|Any CPU = Release|Any CPU
	EndGlobalSection
	GlobalSection(ProjectConfigurationPlatforms) = postSolution
		{013BAB01-38C6-41C5-BB48-8EE03131E549}.Debug|Any CPU.ActiveCfg = Debug|Any CPU
		{013BAB01-38C6-41C5-BB48-8EE03131E549}.Debug|Any CPU.Build.0 = Debug|Any CPU
		{013BAB01-38C6-41C5-BB48-8EE03131E549}.Release|Any CPU.ActiveCfg = Release|Any CPU
		{013BAB01-38C6-41C5-BB48-8EE03131E549}.Release|Any CPU.Build.0 = Release|Any CPU
	EndGlobalSection
	GlobalSection(SolutionProperties) = preSolution
		HideSolutionNode = FALSE
	EndGlobalSection
	GlobalSection(ExtensibilityGlobals) = postSolution
		SolutionGuid = {8D899421-A422-4AB7-A738-5FDA770A5F66}
	EndGlobalSection
EndGlobal
